// !$*UTF8*$!
{
	archiveVersion = 1;
	classes = {
	};
	objectVersion = 77;
	objects = {

/* Begin PBXBuildFile section */
		BED99845ACEE2DA6D8C92704 /* HostApp.swift in Sources */ = {isa = PBXBuildFile; fileRef = 357D55B87ADF62F44420A4AB /* HostApp.swift */; };
		D62140780126AAA54AD42BB4 /* AgentTests.swift in Sources */ = {isa = PBXBuildFile; fileRef = 6A0B8CC88AA6756C1107D48D /* AgentTests.swift */; };
/* End PBXBuildFile section */

/* Begin PBXContainerItemProxy section */
		693B6A735FC8F6CE5D9D42E5 /* PBXContainerItemProxy */ = {
			isa = PBXContainerItemProxy;
			containerPortal = EDF1E351AFA9BD1043A05BE8 /* Project object */;
			proxyType = 1;
			remoteGlobalIDString = 258476A52572E1FB578ECB1B;
			remoteInfo = EmuAgentHost;
		};
/* End PBXContainerItemProxy section */

/* Begin PBXFileReference section */
		07A404D9D454ABA497D9FED8 /* EmuAgentHost.app */ = {isa = PBXFileReference; includeInIndex = 0; lastKnownFileType = wrapper.application; path = EmuAgentHost.app; sourceTree = BUILT_PRODUCTS_DIR; };
		357D55B87ADF62F44420A4AB /* HostApp.swift */ = {isa = PBXFileReference; lastKnownFileType = sourcecode.swift; path = HostApp.swift; sourceTree = "<group>"; };
		6A0B8CC88AA6756C1107D48D /* AgentTests.swift */ = {isa = PBXFileReference; lastKnownFileType = sourcecode.swift; path = AgentTests.swift; sourceTree = "<group>"; };
		E94D95637B2ED46F1B1A5EE7 /* EmuAgentTests.xctest */ = {isa = PBXFileReference; includeInIndex = 0; lastKnownFileType = wrapper.cfbundle; path = EmuAgentTests.xctest; sourceTree = BUILT_PRODUCTS_DIR; };
/* End PBXFileReference section */

/* Begin PBXGroup section */
		0F1EB68E2572B7B22D6D914B /* Tests */ = {
			isa = PBXGroup;
			children = (
				6A0B8CC88AA6756C1107D48D /* AgentTests.swift */,
			);
			path = Tests;
			sourceTree = "<group>";
		};
		4BED786C1ECA25A8BC5CB884 = {
			isa = PBXGroup;
			children = (
				65285959383BF6F0A19AC5EE /* Host */,
				0F1EB68E2572B7B22D6D914B /* Tests */,
				7039244E75B00DF2FA799C50 /* Products */,
			);
			sourceTree = "<group>";
		};
		65285959383BF6F0A19AC5EE /* Host */ = {
			isa = PBXGroup;
			children = (
				357D55B87ADF62F44420A4AB /* HostApp.swift */,
			);
			path = Host;
			sourceTree = "<group>";
		};
		7039244E75B00DF2FA799C50 /* Products */ = {
			isa = PBXGroup;
			children = (
				07A404D9D454ABA497D9FED8 /* EmuAgentHost.app */,
				E94D95637B2ED46F1B1A5EE7 /* EmuAgentTests.xctest */,
			);
			name = Products;
			sourceTree = "<group>";
		};
/* End PBXGroup section */

/* Begin PBXNativeTarget section */
		258476A52572E1FB578ECB1B /* EmuAgentHost */ = {
			isa = PBXNativeTarget;
			buildConfigurationList = 78B212BF6A7B70E3C42A0013 /* Build configuration list for PBXNativeTarget "EmuAgentHost" */;
			buildPhases = (
				233AA0143C8DFDFD8B154055 /* Sources */,
			);
			buildRules = (
			);
			dependencies = (
			);
			name = EmuAgentHost;
			packageProductDependencies = (
			);
			productName = EmuAgentHost;
			productReference = 07A404D9D454ABA497D9FED8 /* EmuAgentHost.app */;
			productType = "com.apple.product-type.application";
		};
		34BAD8CAC1BE67461D639841 /* EmuAgentTests */ = {
			isa = PBXNativeTarget;
			buildConfigurationList = 8BCB2E8D9228BAEBBE58D8F2 /* Build configuration list for PBXNativeTarget "EmuAgentTests" */;
			buildPhases = (
				4550131424D97E80C373C89C /* Sources */,
				F25D35C8461FEC77963CA89D /* Embed lib_TestingInterop.dylib into the runner */,
			);
			buildRules = (
			);
			dependencies = (
				339754E345DFA61AC5BB6F2D /* PBXTargetDependency */,
			);
			name = EmuAgentTests;
			packageProductDependencies = (
			);
			productName = EmuAgentTests;
			productReference = E94D95637B2ED46F1B1A5EE7 /* EmuAgentTests.xctest */;
			productType = "com.apple.product-type.bundle.ui-testing";
		};
/* End PBXNativeTarget section */

/* Begin PBXProject section */
		EDF1E351AFA9BD1043A05BE8 /* Project object */ = {
			isa = PBXProject;
			attributes = {
				BuildIndependentTargetsInParallel = YES;
				LastUpgradeCheck = 1430;
				TargetAttributes = {
					34BAD8CAC1BE67461D639841 = {
						TestTargetID = 258476A52572E1FB578ECB1B;
					};
				};
			};
			buildConfigurationList = 2E3EFB92EF5CC9E7631606BB /* Build configuration list for PBXProject "EmuAgent" */;
			developmentRegion = en;
			hasScannedForEncodings = 0;
			knownRegions = (
				Base,
				en,
			);
			mainGroup = 4BED786C1ECA25A8BC5CB884;
			minimizedProjectReferenceProxies = 1;
			preferredProjectObjectVersion = 77;
			productRefGroup = 7039244E75B00DF2FA799C50 /* Products */;
			projectDirPath = "";
			projectRoot = "";
			targets = (
				258476A52572E1FB578ECB1B /* EmuAgentHost */,
				34BAD8CAC1BE67461D639841 /* EmuAgentTests */,
			);
		};
/* End PBXProject section */

/* Begin PBXShellScriptBuildPhase section */
		F25D35C8461FEC77963CA89D /* Embed lib_TestingInterop.dylib into the runner */ = {
			isa = PBXShellScriptBuildPhase;
			buildActionMask = 2147483647;
			files = (
			);
			inputFileListPaths = (
			);
			inputPaths = (
			);
			name = "Embed lib_TestingInterop.dylib into the runner";
			outputFileListPaths = (
			);
			outputPaths = (
			);
			runOnlyForDeploymentPostprocessing = 0;
			shellPath = /bin/sh;
			shellScript = "set -e\nSRC=\"$DEVELOPER_DIR/Platforms/iPhoneSimulator.platform/Developer/usr/lib/lib_TestingInterop.dylib\"\nRUNNER=\"$BUILT_PRODUCTS_DIR/${PRODUCT_NAME}-Runner.app\"\n[ -f \"$SRC\" ] || exit 0\n[ -d \"$RUNNER\" ] || exit 0\nfor d in \"Frameworks\" \"usr/lib\"; do\n  mkdir -p \"$RUNNER/$d\"; cp -f \"$SRC\" \"$RUNNER/$d/lib_TestingInterop.dylib\"\n  codesign --force --sign - \"$RUNNER/$d/lib_TestingInterop.dylib\"\ndone\n";
		};
/* End PBXShellScriptBuildPhase section */

/* Begin PBXSourcesBuildPhase section */
		233AA0143C8DFDFD8B154055 /* Sources */ = {
			isa = PBXSourcesBuildPhase;
			buildActionMask = 2147483647;
			files = (
				BED99845ACEE2DA6D8C92704 /* HostApp.swift in Sources */,
			);
			runOnlyForDeploymentPostprocessing = 0;
		};
		4550131424D97E80C373C89C /* Sources */ = {
			isa = PBXSourcesBuildPhase;
			buildActionMask = 2147483647;
			files = (
				D62140780126AAA54AD42BB4 /* AgentTests.swift in Sources */,
			);
			runOnlyForDeploymentPostprocessing = 0;
		};
/* End PBXSourcesBuildPhase section */

/* Begin PBXTargetDependency section */
		339754E345DFA61AC5BB6F2D /* PBXTargetDependency */ = {
			isa = PBXTargetDependency;
			target = 258476A52572E1FB578ECB1B /* EmuAgentHost */;
			targetProxy = 693B6A735FC8F6CE5D9D42E5 /* PBXContainerItemProxy */;
		};
/* End PBXTargetDependency section */

/* Begin XCBuildConfiguration section */
		16731DC34F05FABD35D9BDAF /* Debug */ = {
			isa = XCBuildConfiguration;
			buildSettings = {
				ASSETCATALOG_COMPILER_APPICON_NAME = AppIcon;
				CODE_SIGNING_ALLOWED = NO;
				CODE_SIGN_IDENTITY = "iPhone Developer";
				GENERATE_INFOPLIST_FILE = YES;
				INFOPLIST_KEY_UIApplicationSceneManifest_Generation = YES;
				INFOPLIST_KEY_UILaunchScreen_Generation = YES;
				LD_RUNPATH_SEARCH_PATHS = (
					"$(inherited)",
					"@executable_path/Frameworks",
				);
				PRODUCT_BUNDLE_IDENTIFIER = dev.emucomposer.agent.host;
				SDKROOT = iphoneos;
				SWIFT_VERSION = 5.9;
				TARGETED_DEVICE_FAMILY = "1,2";
			};
			name = Debug;
		};
		28BBD8F811442A968F2AEC7C /* Release */ = {
			isa = XCBuildConfiguration;
			buildSettings = {
				ASSETCATALOG_COMPILER_APPICON_NAME = AppIcon;
				CODE_SIGNING_ALLOWED = NO;
				CODE_SIGN_IDENTITY = "iPhone Developer";
				GENERATE_INFOPLIST_FILE = YES;
				INFOPLIST_KEY_UIApplicationSceneManifest_Generation = YES;
				INFOPLIST_KEY_UILaunchScreen_Generation = YES;
				LD_RUNPATH_SEARCH_PATHS = (
					"$(inherited)",
					"@executable_path/Frameworks",
				);
				PRODUCT_BUNDLE_IDENTIFIER = dev.emucomposer.agent.host;
				SDKROOT = iphoneos;
				SWIFT_VERSION = 5.9;
				TARGETED_DEVICE_FAMILY = "1,2";
			};
			name = Release;
		};
		6CAE945EACF7D3E5D8991756 /* Release */ = {
			isa = XCBuildConfiguration;
			buildSettings = {
				ALWAYS_SEARCH_USER_PATHS = NO;
				CLANG_ANALYZER_NONNULL = YES;
				CLANG_ANALYZER_NUMBER_OBJECT_CONVERSION = YES_AGGRESSIVE;
				CLANG_CXX_LANGUAGE_STANDARD = "gnu++14";
				CLANG_CXX_LIBRARY = "libc++";
				CLANG_ENABLE_MODULES = YES;
				CLANG_ENABLE_OBJC_ARC = YES;
				CLANG_ENABLE_OBJC_WEAK = YES;
				CLANG_WARN_BLOCK_CAPTURE_AUTORELEASING = YES;
				CLANG_WARN_BOOL_CONVERSION = YES;
				CLANG_WARN_COMMA = YES;
				CLANG_WARN_CONSTANT_CONVERSION = YES;
				CLANG_WARN_DEPRECATED_OBJC_IMPLEMENTATIONS = YES;
				CLANG_WARN_DIRECT_OBJC_ISA_USAGE = YES_ERROR;
				CLANG_WARN_DOCUMENTATION_COMMENTS = YES;
				CLANG_WARN_EMPTY_BODY = YES;
				CLANG_WARN_ENUM_CONVERSION = YES;
				CLANG_WARN_INFINITE_RECURSION = YES;
				CLANG_WARN_INT_CONVERSION = YES;
				CLANG_WARN_NON_LITERAL_NULL_CONVERSION = YES;
				CLANG_WARN_OBJC_IMPLICIT_RETAIN_SELF = YES;
				CLANG_WARN_OBJC_LITERAL_CONVERSION = YES;
				CLANG_WARN_OBJC_ROOT_CLASS = YES_ERROR;
				CLANG_WARN_QUOTED_INCLUDE_IN_FRAMEWORK_HEADER = YES;
				CLANG_WARN_RANGE_LOOP_ANALYSIS = YES;
				CLANG_WARN_STRICT_PROTOTYPES = YES;
				CLANG_WARN_SUSPICIOUS_MOVE = YES;
				CLANG_WARN_UNGUARDED_AVAILABILITY = YES_AGGRESSIVE;
				CLANG_WARN_UNREACHABLE_CODE = YES;
				CLANG_WARN__DUPLICATE_METHOD_MATCH = YES;
				COPY_PHASE_STRIP = NO;
				DEBUG_INFORMATION_FORMAT = "dwarf-with-dsym";
				ENABLE_NS_ASSERTIONS = NO;
				ENABLE_STRICT_OBJC_MSGSEND = YES;
				GCC_C_LANGUAGE_STANDARD = gnu11;
				GCC_NO_COMMON_BLOCKS = YES;
				GCC_WARN_64_TO_32_BIT_CONVERSION = YES;
				GCC_WARN_ABOUT_RETURN_TYPE = YES_ERROR;
				GCC_WARN_UNDECLARED_SELECTOR = YES;
				GCC_WARN_UNINITIALIZED_AUTOS = YES_AGGRESSIVE;
				GCC_WARN_UNUSED_FUNCTION = YES;
				GCC_WARN_UNUSED_VARIABLE = YES;
				IPHONEOS_DEPLOYMENT_TARGET = 17.0;
				MTL_ENABLE_DEBUG_INFO = NO;
				MTL_FAST_MATH = YES;
				PRODUCT_NAME = "$(TARGET_NAME)";
				SDKROOT = iphoneos;
				SWIFT_COMPILATION_MODE = wholemodule;
				SWIFT_OPTIMIZATION_LEVEL = "-O";
				SWIFT_VERSION = 5.0;
			};
			name = Release;
		};
		8B1E129D2E4C06D2B3811CF9 /* Debug */ = {
			isa = XCBuildConfiguration;
			buildSettings = {
				ALWAYS_SEARCH_USER_PATHS = NO;
				CLANG_ANALYZER_NONNULL = YES;
				CLANG_ANALYZER_NUMBER_OBJECT_CONVERSION = YES_AGGRESSIVE;
				CLANG_CXX_LANGUAGE_STANDARD = "gnu++14";
				CLANG_CXX_LIBRARY = "libc++";
				CLANG_ENABLE_MODULES = YES;
				CLANG_ENABLE_OBJC_ARC = YES;
				CLANG_ENABLE_OBJC_WEAK = YES;
				CLANG_WARN_BLOCK_CAPTURE_AUTORELEASING = YES;
				CLANG_WARN_BOOL_CONVERSION = YES;
				CLANG_WARN_COMMA = YES;
				CLANG_WARN_CONSTANT_CONVERSION = YES;
				CLANG_WARN_DEPRECATED_OBJC_IMPLEMENTATIONS = YES;
				CLANG_WARN_DIRECT_OBJC_ISA_USAGE = YES_ERROR;
				CLANG_WARN_DOCUMENTATION_COMMENTS = YES;
				CLANG_WARN_EMPTY_BODY = YES;
				CLANG_WARN_ENUM_CONVERSION = YES;
				CLANG_WARN_INFINITE_RECURSION = YES;
				CLANG_WARN_INT_CONVERSION = YES;
				CLANG_WARN_NON_LITERAL_NULL_CONVERSION = YES;
				CLANG_WARN_OBJC_IMPLICIT_RETAIN_SELF = YES;
				CLANG_WARN_OBJC_LITERAL_CONVERSION = YES;
				CLANG_WARN_OBJC_ROOT_CLASS = YES_ERROR;
				CLANG_WARN_QUOTED_INCLUDE_IN_FRAMEWORK_HEADER = YES;
				CLANG_WARN_RANGE_LOOP_ANALYSIS = YES;
				CLANG_WARN_STRICT_PROTOTYPES = YES;
				CLANG_WARN_SUSPICIOUS_MOVE = YES;
				CLANG_WARN_UNGUARDED_AVAILABILITY = YES_AGGRESSIVE;
				CLANG_WARN_UNREACHABLE_CODE = YES;
				CLANG_WARN__DUPLICATE_METHOD_MATCH = YES;
				COPY_PHASE_STRIP = NO;
				DEBUG_INFORMATION_FORMAT = dwarf;
				ENABLE_STRICT_OBJC_MSGSEND = YES;
				ENABLE_TESTABILITY = YES;
				GCC_C_LANGUAGE_STANDARD = gnu11;
				GCC_DYNAMIC_NO_PIC = NO;
				GCC_NO_COMMON_BLOCKS = YES;
				GCC_OPTIMIZATION_LEVEL = 0;
				GCC_PREPROCESSOR_DEFINITIONS = (
					"$(inherited)",
					"DEBUG=1",
				);
				GCC_WARN_64_TO_32_BIT_CONVERSION = YES;
				GCC_WARN_ABOUT_RETURN_TYPE = YES_ERROR;
				GCC_WARN_UNDECLARED_SELECTOR = YES;
				GCC_WARN_UNINITIALIZED_AUTOS = YES_AGGRESSIVE;
				GCC_WARN_UNUSED_FUNCTION = YES;
				GCC_WARN_UNUSED_VARIABLE = YES;
				IPHONEOS_DEPLOYMENT_TARGET = 17.0;
				MTL_ENABLE_DEBUG_INFO = INCLUDE_SOURCE;
				MTL_FAST_MATH = YES;
				ONLY_ACTIVE_ARCH = YES;
				PRODUCT_NAME = "$(TARGET_NAME)";
				SDKROOT = iphoneos;
				SWIFT_ACTIVE_COMPILATION_CONDITIONS = DEBUG;
				SWIFT_OPTIMIZATION_LEVEL = "-Onone";
				SWIFT_VERSION = 5.0;
			};
			name = Debug;
		};
		C28A9E1303CF8B0144802248 /* Debug */ = {
			isa = XCBuildConfiguration;
			buildSettings = {
				BUNDLE_LOADER = "$(TEST_HOST)";
				CODE_SIGNING_ALLOWED = NO;
				GENERATE_INFOPLIST_FILE = YES;
				LD_RUNPATH_SEARCH_PATHS = (
					"$(inherited)",
					"@executable_path/Frameworks",
					"@loader_path/Frameworks",
				);
				PRODUCT_BUNDLE_IDENTIFIER = dev.emucomposer.agent.tests;
				SDKROOT = iphoneos;
				SWIFT_VERSION = 5.9;
				TARGETED_DEVICE_FAMILY = "1,2";
				TEST_TARGET_NAME = EmuAgentHost;
			};
			name = Debug;
		};
		D5801966BABA930FFCADB191 /* Release */ = {
			isa = XCBuildConfiguration;
			buildSettings = {
				BUNDLE_LOADER = "$(TEST_HOST)";
				CODE_SIGNING_ALLOWED = NO;
				GENERATE_INFOPLIST_FILE = YES;
				LD_RUNPATH_SEARCH_PATHS = (
					"$(inherited)",
					"@executable_path/Frameworks",
					"@loader_path/Frameworks",
				);
				PRODUCT_BUNDLE_IDENTIFIER = dev.emucomposer.agent.tests;
				SDKROOT = iphoneos;
				SWIFT_VERSION = 5.9;
				TARGETED_DEVICE_FAMILY = "1,2";
				TEST_TARGET_NAME = EmuAgentHost;
			};
			name = Release;
		};
/* End XCBuildConfiguration section */

/* Begin XCConfigurationList section */
		2E3EFB92EF5CC9E7631606BB /* Build configuration list for PBXProject "EmuAgent" */ = {
			isa = XCConfigurationList;
			buildConfigurations = (
				8B1E129D2E4C06D2B3811CF9 /* Debug */,
				6CAE945EACF7D3E5D8991756 /* Release */,
			);
			defaultConfigurationIsVisible = 0;
			defaultConfigurationName = Debug;
		};
		78B212BF6A7B70E3C42A0013 /* Build configuration list for PBXNativeTarget "EmuAgentHost" */ = {
			isa = XCConfigurationList;
			buildConfigurations = (
				16731DC34F05FABD35D9BDAF /* Debug */,
				28BBD8F811442A968F2AEC7C /* Release */,
			);
			defaultConfigurationIsVisible = 0;
			defaultConfigurationName = Debug;
		};
		8BCB2E8D9228BAEBBE58D8F2 /* Build configuration list for PBXNativeTarget "EmuAgentTests" */ = {
			isa = XCConfigurationList;
			buildConfigurations = (
				C28A9E1303CF8B0144802248 /* Debug */,
				D5801966BABA930FFCADB191 /* Release */,
			);
			defaultConfigurationIsVisible = 0;
			defaultConfigurationName = Debug;
		};
/* End XCConfigurationList section */
	};
	rootObject = EDF1E351AFA9BD1043A05BE8 /* Project object */;
}
